
Microsoft Visual Studio Solution File, Format Version 12.00
# Visual Studio Version 16
VisualStudioVersion = 16.0.30804.86
MinimumVisualStudioVersion = 10.0.40219.1
Project("{FAE04EC0-301F-11D3-BF4B-00C04F79EFBC}") = "TAUSayısı", "TAUSayısı\TAUSayısı.csproj", "{C811164D-E8A2-4233-88F1-B9C13042B8AD}"
EndProject
Global
	GlobalSection(SolutionConfigurationPlatforms) = preSolution
		Debug|Any CPU = Debug|Any CPU
		Release|Any CPU = Release|Any CPU
	EndGlobalSection
	GlobalSection(ProjectConfigurationPlatforms) = postSolution
		{C811164D-E8A2-4233-88F1-B9C13042B8AD}.Debug|Any CPU.ActiveCfg = Debug|Any CPU
		{C811164D-E8A2-4233-88F1-B9C13042B8AD}.Debug|Any CPU.Build.0 = Debug|Any CPU
		{C811164D-E8A2-4233-88F1-B9C13042B8AD}.Release|Any CPU.ActiveCfg = Release|Any CPU
		{C811164D-E8A2-4233-88F1-B9C13042B8AD}.Release|Any CPU.Build.0 = Release|Any CPU
	EndGlobalSection
	GlobalSection(SolutionProperties) = preSolution
		HideSolutionNode = FALSE
	EndGlobalSection
	GlobalSection(ExtensibilityGlobals) = postSolution
		SolutionGuid = {AEB3B3C1-01AC-4741-851C-457DED189C70}
	EndGlobalSection
EndGlobal
